github.com/htr-tech/process v0.0.0-20230808181147-91d34d4c2ec6 h1:NcywJqWzl0WtPjGTZp/Am+mHMMb3/Nwzf8T1yGxZy3M=
github.com/htr-tech/process v0.0.0-20230808181147-91d34d4c2ec6/go.mod h1:GEHRPzr1V8saYGyBGugzYXJYqWWQz3qYEru8sFZd0gg=
github.com/htr-tech/process v0.0.0-20230809100219-45d09b551c1d h1:cYM75wYS7vtG1HvVUZuewwwQLj7H1T5MPVl9hO130/I=
github.com/htr-tech/process v0.0.0-20230809100219-45d09b551c1d/go.mod h1:GEHRPzr1V8saYGyBGugzYXJYqWWQz3qYEru8sFZd0gg=
